// !$*UTF8*$!
{
	archiveVersion = 1;
	classes = {
	};
	objectVersion = 56;
	objects = {

/* Begin PBXBuildFile section */
		0B05393A2C5C23D600110B4C /* GuestAccountVC.swift in Sources */ = {isa = PBXBuildFile; fileRef = 0B0539392C5C23D600110B4C /* GuestAccountVC.swift */; };
		0B67B2AF2C60E8360059B7BE /* CategoryCollectionViewCell.xib in Resources */ = {isa = PBXBuildFile; fileRef = 0B67B2AE2C60E8360059B7BE /* CategoryCollectionViewCell.xib */; };
		0B67B2B02C60E8360059B7BE /* CategoryCollectionViewCell.swift in Sources */ = {isa = PBXBuildFile; fileRef = 0B67B2AD2C60E8360059B7BE /* CategoryCollectionViewCell.swift */; };
		0B67B2B42C6104B10059B7BE /* CompositionalLayoutManagerCV.swift in Sources */ = {isa = PBXBuildFile; fileRef = 0B67B2B32C6104B10059B7BE /* CompositionalLayoutManagerCV.swift */; };
		0B67B2B62C61743C0059B7BE /* ProductCardCellModel.swift in Sources */ = {isa = PBXBuildFile; fileRef = 0B67B2B52C61743C0059B7BE /* ProductCardCellModel.swift */; };
		0B67B2B92C6217E20059B7BE /* ProductCardHeaderReusableView.xib in Resources */ = {isa = PBXBuildFile; fileRef = 0B67B2B82C6217E20059B7BE /* ProductCardHeaderReusableView.xib */; };
		0B67B2BA2C6217E20059B7BE /* ProductCardHeaderReusableView.swift in Sources */ = {isa = PBXBuildFile; fileRef = 0B67B2B72C6217E20059B7BE /* ProductCardHeaderReusableView.swift */; };
		0B67B2BD2C62AD800059B7BE /* CategoryPagePresenter.swift in Sources */ = {isa = PBXBuildFile; fileRef = 0B67B2BC2C62AD800059B7BE /* CategoryPagePresenter.swift */; };
		0B67B2BF2C62AD870059B7BE /* CategoryPageInteractor.swift in Sources */ = {isa = PBXBuildFile; fileRef = 0B67B2BE2C62AD870059B7BE /* CategoryPageInteractor.swift */; };
		0B67B2C22C62AF5F0059B7BE /* CategoryPageRouter.swift in Sources */ = {isa = PBXBuildFile; fileRef = 0B67B2C12C62AF5F0059B7BE /* CategoryPageRouter.swift */; };
		0B67B2C42C62B1CA0059B7BE /* BasketViewController.swift in Sources */ = {isa = PBXBuildFile; fileRef = 0B67B2C32C62B1CA0059B7BE /* BasketViewController.swift */; };
		0B67B2C72C62B51D0059B7BE /* MainPageViewModel.swift in Sources */ = {isa = PBXBuildFile; fileRef = 0B67B2C62C62B51D0059B7BE /* MainPageViewModel.swift */; };
		0B894E482C5B8BD200542E3B /* AppDelegate.swift in Sources */ = {isa = PBXBuildFile; fileRef = 0B894E472C5B8BD200542E3B /* AppDelegate.swift */; };
		0B894E4A2C5B8BD200542E3B /* SceneDelegate.swift in Sources */ = {isa = PBXBuildFile; fileRef = 0B894E492C5B8BD200542E3B /* SceneDelegate.swift */; };
		0B894E4F2C5B8BD200542E3B /* Base in Resources */ = {isa = PBXBuildFile; fileRef = 0B894E4E2C5B8BD200542E3B /* Base */; };
		0B894E512C5B8BD200542E3B /* Assets.xcassets in Resources */ = {isa = PBXBuildFile; fileRef = 0B894E502C5B8BD200542E3B /* Assets.xcassets */; };
		0B894E542C5B8BD200542E3B /* Base in Resources */ = {isa = PBXBuildFile; fileRef = 0B894E532C5B8BD200542E3B /* Base */; };
		0B894E5F2C5B8BD200542E3B /* n11_cloneAppTests.swift in Sources */ = {isa = PBXBuildFile; fileRef = 0B894E5E2C5B8BD200542E3B /* n11_cloneAppTests.swift */; };
		0B894E692C5B8BD200542E3B /* n11_cloneAppUITests.swift in Sources */ = {isa = PBXBuildFile; fileRef = 0B894E682C5B8BD200542E3B /* n11_cloneAppUITests.swift */; };
		0B894E6B2C5B8BD200542E3B /* n11_cloneAppUITestsLaunchTests.swift in Sources */ = {isa = PBXBuildFile; fileRef = 0B894E6A2C5B8BD200542E3B /* n11_cloneAppUITestsLaunchTests.swift */; };
		0BC8237D2C5BC3E500601CFC /* CustomNavigationBar.xib in Resources */ = {isa = PBXBuildFile; fileRef = 0BC8237C2C5BC3E500601CFC /* CustomNavigationBar.xib */; };
		0BC8237F2C5BC40800601CFC /* CustomNavigationBar.swift in Sources */ = {isa = PBXBuildFile; fileRef = 0BC8237E2C5BC40800601CFC /* CustomNavigationBar.swift */; };
		0BC823822C5BC50A00601CFC /* UIColor+Hex.swift in Sources */ = {isa = PBXBuildFile; fileRef = 0BC823812C5BC50A00601CFC /* UIColor+Hex.swift */; };
		0BFF393B2C5D0F3400C3396D /* ProductCardCollectionViewCell.swift in Sources */ = {isa = PBXBuildFile; fileRef = 0BFF39392C5D0F3400C3396D /* ProductCardCollectionViewCell.swift */; };
		0BFF393C2C5D0F3400C3396D /* ProductCardCollectionViewCell.xib in Resources */ = {isa = PBXBuildFile; fileRef = 0BFF393A2C5D0F3400C3396D /* ProductCardCollectionViewCell.xib */; };
		0BFF39432C5D0F4C00C3396D /* AdSliderCollectionViewCell.swift in Sources */ = {isa = PBXBuildFile; fileRef = 0BFF39412C5D0F4C00C3396D /* AdSliderCollectionViewCell.swift */; };
		0BFF39442C5D0F4C00C3396D /* AdSliderCollectionViewCell.xib in Resources */ = {isa = PBXBuildFile; fileRef = 0BFF39422C5D0F4C00C3396D /* AdSliderCollectionViewCell.xib */; };
		0BFF39562C5D920000C3396D /* TopCategoryCollectionViewCell.swift in Sources */ = {isa = PBXBuildFile; fileRef = 0BFF39542C5D920000C3396D /* TopCategoryCollectionViewCell.swift */; };
		0BFF39572C5D920000C3396D /* TopCategoryCollectionViewCell.xib in Resources */ = {isa = PBXBuildFile; fileRef = 0BFF39552C5D920000C3396D /* TopCategoryCollectionViewCell.xib */; };
		0BFF395A2C5D970600C3396D /* TopCategoryFilterCellModel.swift in Sources */ = {isa = PBXBuildFile; fileRef = 0BFF39592C5D970600C3396D /* TopCategoryFilterCellModel.swift */; };
		0BFF395C2C5D980F00C3396D /* MainMenuModel.swift in Sources */ = {isa = PBXBuildFile; fileRef = 0BFF395B2C5D980F00C3396D /* MainMenuModel.swift */; };
		0BFF395F2C5D987D00C3396D /* MainPageCellType.swift in Sources */ = {isa = PBXBuildFile; fileRef = 0BFF395E2C5D987D00C3396D /* MainPageCellType.swift */; };
		0BFF39612C5D997900C3396D /* UICollectionView+Register.swift in Sources */ = {isa = PBXBuildFile; fileRef = 0BFF39602C5D997900C3396D /* UICollectionView+Register.swift */; };
		0BFF39632C5D9AB100C3396D /* MainMenuInteractor.swift in Sources */ = {isa = PBXBuildFile; fileRef = 0BFF39622C5D9AB100C3396D /* MainMenuInteractor.swift */; };
		0BFF39662C5D9BEB00C3396D /* CompositionalLayoutManager.swift in Sources */ = {isa = PBXBuildFile; fileRef = 0BFF39652C5D9BEB00C3396D /* CompositionalLayoutManager.swift */; };
		0BFF396F2C5FE64700C3396D /* ImageSliderCollectionViewCell.swift in Sources */ = {isa = PBXBuildFile; fileRef = 0BFF396D2C5FE64700C3396D /* ImageSliderCollectionViewCell.swift */; };
		0BFF39702C5FE64700C3396D /* ImageSliderCollectionViewCell.xib in Resources */ = {isa = PBXBuildFile; fileRef = 0BFF396E2C5FE64700C3396D /* ImageSliderCollectionViewCell.xib */; };
		0BFF39732C5FED7600C3396D /* ImageSliderCellModel.swift in Sources */ = {isa = PBXBuildFile; fileRef = 0BFF39722C5FED7600C3396D /* ImageSliderCellModel.swift */; };
		0BFF39772C60280100C3396D /* SubLabelCollectionViewCell.swift in Sources */ = {isa = PBXBuildFile; fileRef = 0BFF39752C60280100C3396D /* SubLabelCollectionViewCell.swift */; };
		0BFF39782C60280100C3396D /* SubLabelCollectionViewCell.xib in Resources */ = {isa = PBXBuildFile; fileRef = 0BFF39762C60280100C3396D /* SubLabelCollectionViewCell.xib */; };
		0BFF397D2C60315900C3396D /* MainPageInteractorOutput.swift in Sources */ = {isa = PBXBuildFile; fileRef = 0BFF397C2C60315900C3396D /* MainPageInteractorOutput.swift */; };
		0BFF397F2C6031DA00C3396D /* MainMenuPresenter.swift in Sources */ = {isa = PBXBuildFile; fileRef = 0BFF397E2C6031DA00C3396D /* MainMenuPresenter.swift */; };
		0BFF39812C60C8FC00C3396D /* ImageManuelSliderCellModel.swift in Sources */ = {isa = PBXBuildFile; fileRef = 0BFF39802C60C8FC00C3396D /* ImageManuelSliderCellModel.swift */; };
		0BFF39852C60C95000C3396D /* ManuelSliderCollectionViewCell.swift in Sources */ = {isa = PBXBuildFile; fileRef = 0BFF39832C60C95000C3396D /* ManuelSliderCollectionViewCell.swift */; };
		0BFF39862C60C95000C3396D /* ManuelSliderCollectionViewCell.xib in Resources */ = {isa = PBXBuildFile; fileRef = 0BFF39842C60C95000C3396D /* ManuelSliderCollectionViewCell.xib */; };
		0BFF39882C60DEB700C3396D /* MainPageViewController.swift in Sources */ = {isa = PBXBuildFile; fileRef = 0BFF39872C60DEB700C3396D /* MainPageViewController.swift */; };
		0BFF398E2C60E0BD00C3396D /* CategoryPageVC.swift in Sources */ = {isa = PBXBuildFile; fileRef = 0BFF398D2C60E0BD00C3396D /* CategoryPageVC.swift */; };
		0BFF39992C60E65900C3396D /* CategoryCollectionView.swift in Sources */ = {isa = PBXBuildFile; fileRef = 0BFF39982C60E65900C3396D /* CategoryCollectionView.swift */; };
		0BFF399B2C60E66E00C3396D /* CategoryCollectionView.xib in Resources */ = {isa = PBXBuildFile; fileRef = 0BFF399A2C60E66E00C3396D /* CategoryCollectionView.xib */; };
/* End PBXBuildFile section */

/* Begin PBXContainerItemProxy section */
		0B894E5B2C5B8BD200542E3B /* PBXContainerItemProxy */ = {
			isa = PBXContainerItemProxy;
			containerPortal = 0B894E3C2C5B8BD200542E3B /* Project object */;
			proxyType = 1;
			remoteGlobalIDString = 0B894E432C5B8BD200542E3B;
			remoteInfo = "n11-cloneApp";
		};
		0B894E652C5B8BD200542E3B /* PBXContainerItemProxy */ = {
			isa = PBXContainerItemProxy;
			containerPortal = 0B894E3C2C5B8BD200542E3B /* Project object */;
			proxyType = 1;
			remoteGlobalIDString = 0B894E432C5B8BD200542E3B;
			remoteInfo = "n11-cloneApp";
		};
/* End PBXContainerItemProxy section */

/* Begin PBXFileReference section */
		0B0539392C5C23D600110B4C /* GuestAccountVC.swift */ = {isa = PBXFileReference; lastKnownFileType = sourcecode.swift; path = GuestAccountVC.swift; sourceTree = "<group>"; };
		0B67B2AD2C60E8360059B7BE /* CategoryCollectionViewCell.swift */ = {isa = PBXFileReference; lastKnownFileType = sourcecode.swift; path = CategoryCollectionViewCell.swift; sourceTree = "<group>"; };
		0B67B2AE2C60E8360059B7BE /* CategoryCollectionViewCell.xib */ = {isa = PBXFileReference; lastKnownFileType = file.xib; path = CategoryCollectionViewCell.xib; sourceTree = "<group>"; };
		0B67B2B32C6104B10059B7BE /* CompositionalLayoutManagerCV.swift */ = {isa = PBXFileReference; lastKnownFileType = sourcecode.swift; path = CompositionalLayoutManagerCV.swift; sourceTree = "<group>"; };
		0B67B2B52C61743C0059B7BE /* ProductCardCellModel.swift */ = {isa = PBXFileReference; lastKnownFileType = sourcecode.swift; path = ProductCardCellModel.swift; sourceTree = "<group>"; };
		0B67B2B72C6217E20059B7BE /* ProductCardHeaderReusableView.swift */ = {isa = PBXFileReference; lastKnownFileType = sourcecode.swift; path = ProductCardHeaderReusableView.swift; sourceTree = "<group>"; };
		0B67B2B82C6217E20059B7BE /* ProductCardHeaderReusableView.xib */ = {isa = PBXFileReference; lastKnownFileType = file.xib; path = ProductCardHeaderReusableView.xib; sourceTree = "<group>"; };
		0B67B2BC2C62AD800059B7BE /* CategoryPagePresenter.swift */ = {isa = PBXFileReference; lastKnownFileType = sourcecode.swift; path = CategoryPagePresenter.swift; sourceTree = "<group>"; };
		0B67B2BE2C62AD870059B7BE /* CategoryPageInteractor.swift */ = {isa = PBXFileReference; lastKnownFileType = sourcecode.swift; path = CategoryPageInteractor.swift; sourceTree = "<group>"; };
		0B67B2C12C62AF5F0059B7BE /* CategoryPageRouter.swift */ = {isa = PBXFileReference; lastKnownFileType = sourcecode.swift; path = CategoryPageRouter.swift; sourceTree = "<group>"; };
		0B67B2C32C62B1CA0059B7BE /* BasketViewController.swift */ = {isa = PBXFileReference; lastKnownFileType = sourcecode.swift; path = BasketViewController.swift; sourceTree = "<group>"; };
		0B67B2C62C62B51D0059B7BE /* MainPageViewModel.swift */ = {isa = PBXFileReference; lastKnownFileType = sourcecode.swift; path = MainPageViewModel.swift; sourceTree = "<group>"; };
		0B894E442C5B8BD200542E3B /* n11-cloneApp.app */ = {isa = PBXFileReference; explicitFileType = wrapper.application; includeInIndex = 0; path = "n11-cloneApp.app"; sourceTree = BUILT_PRODUCTS_DIR; };
		0B894E472C5B8BD200542E3B /* AppDelegate.swift */ = {isa = PBXFileReference; lastKnownFileType = sourcecode.swift; path = AppDelegate.swift; sourceTree = "<group>"; };
		0B894E492C5B8BD200542E3B /* SceneDelegate.swift */ = {isa = PBXFileReference; lastKnownFileType = sourcecode.swift; path = SceneDelegate.swift; sourceTree = "<group>"; };
		0B894E4E2C5B8BD200542E3B /* Base */ = {isa = PBXFileReference; lastKnownFileType = file.storyboard; name = Base; path = Base.lproj/Main.storyboard; sourceTree = "<group>"; };
		0B894E502C5B8BD200542E3B /* Assets.xcassets */ = {isa = PBXFileReference; lastKnownFileType = folder.assetcatalog; path = Assets.xcassets; sourceTree = "<group>"; };
		0B894E532C5B8BD200542E3B /* Base */ = {isa = PBXFileReference; lastKnownFileType = file.storyboard; name = Base; path = Base.lproj/LaunchScreen.storyboard; sourceTree = "<group>"; };
		0B894E552C5B8BD200542E3B /* Info.plist */ = {isa = PBXFileReference; lastKnownFileType = text.plist.xml; path = Info.plist; sourceTree = "<group>"; };
		0B894E5A2C5B8BD200542E3B /* n11-cloneAppTests.xctest */ = {isa = PBXFileReference; explicitFileType = wrapper.cfbundle; includeInIndex = 0; path = "n11-cloneAppTests.xctest"; sourceTree = BUILT_PRODUCTS_DIR; };
		0B894E5E2C5B8BD200542E3B /* n11_cloneAppTests.swift */ = {isa = PBXFileReference; lastKnownFileType = sourcecode.swift; path = n11_cloneAppTests.swift; sourceTree = "<group>"; };
		0B894E642C5B8BD200542E3B /* n11-cloneAppUITests.xctest */ = {isa = PBXFileReference; explicitFileType = wrapper.cfbundle; includeInIndex = 0; path = "n11-cloneAppUITests.xctest"; sourceTree = BUILT_PRODUCTS_DIR; };
		0B894E682C5B8BD200542E3B /* n11_cloneAppUITests.swift */ = {isa = PBXFileReference; lastKnownFileType = sourcecode.swift; path = n11_cloneAppUITests.swift; sourceTree = "<group>"; };
		0B894E6A2C5B8BD200542E3B /* n11_cloneAppUITestsLaunchTests.swift */ = {isa = PBXFileReference; lastKnownFileType = sourcecode.swift; path = n11_cloneAppUITestsLaunchTests.swift; sourceTree = "<group>"; };
		0BC8237C2C5BC3E500601CFC /* CustomNavigationBar.xib */ = {isa = PBXFileReference; lastKnownFileType = file.xib; path = CustomNavigationBar.xib; sourceTree = "<group>"; };
		0BC8237E2C5BC40800601CFC /* CustomNavigationBar.swift */ = {isa = PBXFileReference; lastKnownFileType = sourcecode.swift; path = CustomNavigationBar.swift; sourceTree = "<group>"; };
		0BC823812C5BC50A00601CFC /* UIColor+Hex.swift */ = {isa = PBXFileReference; lastKnownFileType = sourcecode.swift; path = "UIColor+Hex.swift"; sourceTree = "<group>"; };
		0BFF39392C5D0F3400C3396D /* ProductCardCollectionViewCell.swift */ = {isa = PBXFileReference; lastKnownFileType = sourcecode.swift; path = ProductCardCollectionViewCell.swift; sourceTree = "<group>"; };
		0BFF393A2C5D0F3400C3396D /* ProductCardCollectionViewCell.xib */ = {isa = PBXFileReference; lastKnownFileType = file.xib; path = ProductCardCollectionViewCell.xib; sourceTree = "<group>"; };
		0BFF39412C5D0F4C00C3396D /* AdSliderCollectionViewCell.swift */ = {isa = PBXFileReference; lastKnownFileType = sourcecode.swift; path = AdSliderCollectionViewCell.swift; sourceTree = "<group>"; };
		0BFF39422C5D0F4C00C3396D /* AdSliderCollectionViewCell.xib */ = {isa = PBXFileReference; lastKnownFileType = file.xib; path = AdSliderCollectionViewCell.xib; sourceTree = "<group>"; };
		0BFF39542C5D920000C3396D /* TopCategoryCollectionViewCell.swift */ = {isa = PBXFileReference; lastKnownFileType = sourcecode.swift; path = TopCategoryCollectionViewCell.swift; sourceTree = "<group>"; };
		0BFF39552C5D920000C3396D /* TopCategoryCollectionViewCell.xib */ = {isa = PBXFileReference; lastKnownFileType = file.xib; path = TopCategoryCollectionViewCell.xib; sourceTree = "<group>"; };
		0BFF39592C5D970600C3396D /* TopCategoryFilterCellModel.swift */ = {isa = PBXFileReference; lastKnownFileType = sourcecode.swift; path = TopCategoryFilterCellModel.swift; sourceTree = "<group>"; };
		0BFF395B2C5D980F00C3396D /* MainMenuModel.swift */ = {isa = PBXFileReference; lastKnownFileType = sourcecode.swift; path = MainMenuModel.swift; sourceTree = "<group>"; };
		0BFF395E2C5D987D00C3396D /* MainPageCellType.swift */ = {isa = PBXFileReference; lastKnownFileType = sourcecode.swift; path = MainPageCellType.swift; sourceTree = "<group>"; };
		0BFF39602C5D997900C3396D /* UICollectionView+Register.swift */ = {isa = PBXFileReference; lastKnownFileType = sourcecode.swift; path = "UICollectionView+Register.swift"; sourceTree = "<group>"; };
		0BFF39622C5D9AB100C3396D /* MainMenuInteractor.swift */ = {isa = PBXFileReference; lastKnownFileType = sourcecode.swift; path = MainMenuInteractor.swift; sourceTree = "<group>"; };
		0BFF39652C5D9BEB00C3396D /* CompositionalLayoutManager.swift */ = {isa = PBXFileReference; lastKnownFileType = sourcecode.swift; path = CompositionalLayoutManager.swift; sourceTree = "<group>"; };
		0BFF396D2C5FE64700C3396D /* ImageSliderCollectionViewCell.swift */ = {isa = PBXFileReference; lastKnownFileType = sourcecode.swift; path = ImageSliderCollectionViewCell.swift; sourceTree = "<group>"; };
		0BFF396E2C5FE64700C3396D /* ImageSliderCollectionViewCell.xib */ = {isa = PBXFileReference; lastKnownFileType = file.xib; path = ImageSliderCollectionViewCell.xib; sourceTree = "<group>"; };
		0BFF39722C5FED7600C3396D /* ImageSliderCellModel.swift */ = {isa = PBXFileReference; lastKnownFileType = sourcecode.swift; path = ImageSliderCellModel.swift; sourceTree = "<group>"; };
		0BFF39752C60280100C3396D /* SubLabelCollectionViewCell.swift */ = {isa = PBXFileReference; lastKnownFileType = sourcecode.swift; path = SubLabelCollectionViewCell.swift; sourceTree = "<group>"; };
		0BFF39762C60280100C3396D /* SubLabelCollectionViewCell.xib */ = {isa = PBXFileReference; lastKnownFileType = file.xib; path = SubLabelCollectionViewCell.xib; sourceTree = "<group>"; };
		0BFF397C2C60315900C3396D /* MainPageInteractorOutput.swift */ = {isa = PBXFileReference; lastKnownFileType = sourcecode.swift; path = MainPageInteractorOutput.swift; sourceTree = "<group>"; };
		0BFF397E2C6031DA00C3396D /* MainMenuPresenter.swift */ = {isa = PBXFileReference; lastKnownFileType = sourcecode.swift; path = MainMenuPresenter.swift; sourceTree = "<group>"; };
		0BFF39802C60C8FC00C3396D /* ImageManuelSliderCellModel.swift */ = {isa = PBXFileReference; lastKnownFileType = sourcecode.swift; path = ImageManuelSliderCellModel.swift; sourceTree = "<group>"; };
		0BFF39832C60C95000C3396D /* ManuelSliderCollectionViewCell.swift */ = {isa = PBXFileReference; lastKnownFileType = sourcecode.swift; path = ManuelSliderCollectionViewCell.swift; sourceTree = "<group>"; };
		0BFF39842C60C95000C3396D /* ManuelSliderCollectionViewCell.xib */ = {isa = PBXFileReference; lastKnownFileType = file.xib; path = ManuelSliderCollectionViewCell.xib; sourceTree = "<group>"; };
		0BFF39872C60DEB700C3396D /* MainPageViewController.swift */ = {isa = PBXFileReference; lastKnownFileType = sourcecode.swift; path = MainPageViewController.swift; sourceTree = "<group>"; };
		0BFF398D2C60E0BD00C3396D /* CategoryPageVC.swift */ = {isa = PBXFileReference; lastKnownFileType = sourcecode.swift; path = CategoryPageVC.swift; sourceTree = "<group>"; };
		0BFF39982C60E65900C3396D /* CategoryCollectionView.swift */ = {isa = PBXFileReference; lastKnownFileType = sourcecode.swift; path = CategoryCollectionView.swift; sourceTree = "<group>"; };
		0BFF399A2C60E66E00C3396D /* CategoryCollectionView.xib */ = {isa = PBXFileReference; lastKnownFileType = file.xib; path = CategoryCollectionView.xib; sourceTree = "<group>"; };
/* End PBXFileReference section */

/* Begin PBXFrameworksBuildPhase section */
		0B894E412C5B8BD200542E3B /* Frameworks */ = {
			isa = PBXFrameworksBuildPhase;
			buildActionMask = 2147483647;
			files = (
			);
			runOnlyForDeploymentPostprocessing = 0;
		};
		0B894E572C5B8BD200542E3B /* Frameworks */ = {
			isa = PBXFrameworksBuildPhase;
			buildActionMask = 2147483647;
			files = (
			);
			runOnlyForDeploymentPostprocessing = 0;
		};
		0B894E612C5B8BD200542E3B /* Frameworks */ = {
			isa = PBXFrameworksBuildPhase;
			buildActionMask = 2147483647;
			files = (
			);
			runOnlyForDeploymentPostprocessing = 0;
		};
/* End PBXFrameworksBuildPhase section */

/* Begin PBXGroup section */
		0B05392D2C5C1C3600110B4C /* view */ = {
			isa = PBXGroup;
			children = (
				0BFF39872C60DEB700C3396D /* MainPageViewController.swift */,
				0BFF39302C5D0D6300C3396D /* cells */,
				0BFF39742C60271700C3396D /* navbar-sublabel */,
			);
			path = view;
			sourceTree = "<group>";
		};
		0B05392E2C5C1C3800110B4C /* presenter */ = {
			isa = PBXGroup;
			children = (
				0BFF397E2C6031DA00C3396D /* MainMenuPresenter.swift */,
			);
			path = presenter;
			sourceTree = "<group>";
		};
		0B05392F2C5C1C3B00110B4C /* interactor */ = {
			isa = PBXGroup;
			children = (
				0BFF39622C5D9AB100C3396D /* MainMenuInteractor.swift */,
			);
			path = interactor;
			sourceTree = "<group>";
		};
		0B0539302C5C1C4100110B4C /* router */ = {
			isa = PBXGroup;
			children = (
			);
			path = router;
			sourceTree = "<group>";
		};
		0B0539312C5C1C4400110B4C /* protocols */ = {
			isa = PBXGroup;
			children = (
				0BFF397C2C60315900C3396D /* MainPageInteractorOutput.swift */,
			);
			path = protocols;
			sourceTree = "<group>";
		};
		0B0539322C5C231000110B4C /* account-module */ = {
			isa = PBXGroup;
			children = (
				0B0539372C5C235400110B4C /* router */,
				0B0539362C5C234D00110B4C /* protocol */,
				0B0539352C5C234900110B4C /* interactor */,
				0B0539342C5C234100110B4C /* presenter */,
				0B0539332C5C233E00110B4C /* view */,
			);
			path = "account-module";
			sourceTree = "<group>";
		};
		0B0539332C5C233E00110B4C /* view */ = {
			isa = PBXGroup;
			children = (
				0B0539392C5C23D600110B4C /* GuestAccountVC.swift */,
			);
			path = view;
			sourceTree = "<group>";
		};
		0B0539342C5C234100110B4C /* presenter */ = {
			isa = PBXGroup;
			children = (
			);
			path = presenter;
			sourceTree = "<group>";
		};
		0B0539352C5C234900110B4C /* interactor */ = {
			isa = PBXGroup;
			children = (
			);
			path = interactor;
			sourceTree = "<group>";
		};
		0B0539362C5C234D00110B4C /* protocol */ = {
			isa = PBXGroup;
			children = (
			);
			path = protocol;
			sourceTree = "<group>";
		};
		0B0539372C5C235400110B4C /* router */ = {
			isa = PBXGroup;
			children = (
			);
			path = router;
			sourceTree = "<group>";
		};
		0B67B2B12C60F8680059B7BE /* categoryCellCV */ = {
			isa = PBXGroup;
			children = (
				0B67B2AD2C60E8360059B7BE /* CategoryCollectionViewCell.swift */,
				0B67B2AE2C60E8360059B7BE /* CategoryCollectionViewCell.xib */,
				0BFF39982C60E65900C3396D /* CategoryCollectionView.swift */,
				0BFF399A2C60E66E00C3396D /* CategoryCollectionView.xib */,
			);
			path = categoryCellCV;
			sourceTree = "<group>";
		};
		0B67B2B22C6104870059B7BE /* managers */ = {
			isa = PBXGroup;
			children = (
				0B67B2B32C6104B10059B7BE /* CompositionalLayoutManagerCV.swift */,
			);
			path = managers;
			sourceTree = "<group>";
		};
		0B67B2BB2C62AAB30059B7BE /* presenter */ = {
			isa = PBXGroup;
			children = (
				0B67B2BC2C62AD800059B7BE /* CategoryPagePresenter.swift */,
			);
			path = presenter;
			sourceTree = "<group>";
		};
		0B67B2C02C62AF530059B7BE /* router */ = {
			isa = PBXGroup;
			children = (
				0B67B2C12C62AF5F0059B7BE /* CategoryPageRouter.swift */,
			);
			path = router;
			sourceTree = "<group>";
		};
		0B67B2C52C62B50E0059B7BE /* entity */ = {
			isa = PBXGroup;
			children = (
				0B67B2C62C62B51D0059B7BE /* MainPageViewModel.swift */,
			);
			path = entity;
			sourceTree = "<group>";
		};
		0B894E3B2C5B8BD200542E3B = {
			isa = PBXGroup;
			children = (
				0B894E462C5B8BD200542E3B /* n11-cloneApp */,
				0B894E5D2C5B8BD200542E3B /* n11-cloneAppTests */,
				0B894E672C5B8BD200542E3B /* n11-cloneAppUITests */,
				0B894E452C5B8BD200542E3B /* Products */,
			);
			sourceTree = "<group>";
		};
		0B894E452C5B8BD200542E3B /* Products */ = {
			isa = PBXGroup;
			children = (
				0B894E442C5B8BD200542E3B /* n11-cloneApp.app */,
				0B894E5A2C5B8BD200542E3B /* n11-cloneAppTests.xctest */,
				0B894E642C5B8BD200542E3B /* n11-cloneAppUITests.xctest */,
			);
			name = Products;
			sourceTree = "<group>";
		};
		0B894E462C5B8BD200542E3B /* n11-cloneApp */ = {
			isa = PBXGroup;
			children = (
				0BFF395D2C5D987100C3396D /* Enums */,
				0BFF39492C5D8E0600C3396D /* Entity */,
				0BC8237B2C5BC1AB00601CFC /* Resources */,
				0BD9BA002C5BA520001C420A /* Modules */,
				0BD9B9FF2C5BA4E0001C420A /* Network */,
				0BD9B9FD2C5BA4D5001C420A /* Extensions */,
				0BD9B9FB2C5BA4CC001C420A /* App */,
				0B894E552C5B8BD200542E3B /* Info.plist */,
				0B894E4D2C5B8BD200542E3B /* Main.storyboard */,
				0B894E522C5B8BD200542E3B /* LaunchScreen.storyboard */,
			);
			path = "n11-cloneApp";
			sourceTree = "<group>";
		};
		0B894E5D2C5B8BD200542E3B /* n11-cloneAppTests */ = {
			isa = PBXGroup;
			children = (
				0B894E5E2C5B8BD200542E3B /* n11_cloneAppTests.swift */,
			);
			path = "n11-cloneAppTests";
			sourceTree = "<group>";
		};
		0B894E672C5B8BD200542E3B /* n11-cloneAppUITests */ = {
			isa = PBXGroup;
			children = (
				0B894E682C5B8BD200542E3B /* n11_cloneAppUITests.swift */,
				0B894E6A2C5B8BD200542E3B /* n11_cloneAppUITestsLaunchTests.swift */,
			);
			path = "n11-cloneAppUITests";
			sourceTree = "<group>";
		};
		0BC8237B2C5BC1AB00601CFC /* Resources */ = {
			isa = PBXGroup;
			children = (
				0B894E502C5B8BD200542E3B /* Assets.xcassets */,
				0BC8237C2C5BC3E500601CFC /* CustomNavigationBar.xib */,
				0BC8237E2C5BC40800601CFC /* CustomNavigationBar.swift */,
			);
			path = Resources;
			sourceTree = "<group>";
		};
		0BD9B9FB2C5BA4CC001C420A /* App */ = {
			isa = PBXGroup;
			children = (
				0B894E492C5B8BD200542E3B /* SceneDelegate.swift */,
				0B894E472C5B8BD200542E3B /* AppDelegate.swift */,
			);
			path = App;
			sourceTree = "<group>";
		};
		0BD9B9FD2C5BA4D5001C420A /* Extensions */ = {
			isa = PBXGroup;
			children = (
				0BC823812C5BC50A00601CFC /* UIColor+Hex.swift */,
				0BFF39602C5D997900C3396D /* UICollectionView+Register.swift */,
			);
			path = Extensions;
			sourceTree = "<group>";
		};
		0BD9B9FF2C5BA4E0001C420A /* Network */ = {
			isa = PBXGroup;
			children = (
			);
			path = Network;
			sourceTree = "<group>";
		};
		0BD9BA002C5BA520001C420A /* Modules */ = {
			isa = PBXGroup;
			children = (
				0B0539322C5C231000110B4C /* account-module */,
				0BD9BA0A2C5BA5ED001C420A /* register-module */,
				0BD9BA092C5BA5D7001C420A /* login-module */,
				0BD9BA082C5BA5AE001C420A /* product-detail-module */,
				0BD9BA072C5BA59A001C420A /* myaccount-module */,
				0BD9BA052C5BA589001C420A /* basket-module */,
				0BD9BA042C5BA580001C420A /* category-module */,
				0BD9BA032C5BA567001C420A /* mainmenu-module */,
			);
			path = Modules;
			sourceTree = "<group>";
		};
		0BD9BA032C5BA567001C420A /* mainmenu-module */ = {
			isa = PBXGroup;
			children = (
				0B67B2C52C62B50E0059B7BE /* entity */,
				0BFF39642C5D9BB600C3396D /* managers */,
				0B0539312C5C1C4400110B4C /* protocols */,
				0B0539302C5C1C4100110B4C /* router */,
				0B05392F2C5C1C3B00110B4C /* interactor */,
				0B05392E2C5C1C3800110B4C /* presenter */,
				0B05392D2C5C1C3600110B4C /* view */,
			);
			path = "mainmenu-module";
			sourceTree = "<group>";
		};
		0BD9BA042C5BA580001C420A /* category-module */ = {
			isa = PBXGroup;
			children = (
				0B67B2B22C6104870059B7BE /* managers */,
				0B67B2C02C62AF530059B7BE /* router */,
				0B67B2BB2C62AAB30059B7BE /* presenter */,
				0BFF398A2C60E06000C3396D /* interactor */,
				0BFF39892C60E05700C3396D /* view */,
			);
			path = "category-module";
			sourceTree = "<group>";
		};
		0BD9BA052C5BA589001C420A /* basket-module */ = {
			isa = PBXGroup;
			children = (
				0B67B2C32C62B1CA0059B7BE /* BasketViewController.swift */,
			);
			path = "basket-module";
			sourceTree = "<group>";
		};
		0BD9BA072C5BA59A001C420A /* myaccount-module */ = {
			isa = PBXGroup;
			children = (
			);
			path = "myaccount-module";
			sourceTree = "<group>";
		};
		0BD9BA082C5BA5AE001C420A /* product-detail-module */ = {
			isa = PBXGroup;
			children = (
			);
			path = "product-detail-module";
			sourceTree = "<group>";
		};
		0BD9BA092C5BA5D7001C420A /* login-module */ = {
			isa = PBXGroup;
			children = (
			);
			path = "login-module";
			sourceTree = "<group>";
		};
		0BD9BA0A2C5BA5ED001C420A /* register-module */ = {
			isa = PBXGroup;
			children = (
			);
			path = "register-module";
			sourceTree = "<group>";
		};
		0BFF39302C5D0D6300C3396D /* cells */ = {
			isa = PBXGroup;
			children = (
				0BFF39822C60C92C00C3396D /* ImageManuelSliderCell */,
				0BFF396C2C5FE60100C3396D /* ImageSliderCell */,
				0BFF394B2C5D8EDD00C3396D /* TopCategoryFilterCell */,
				0BFF39342C5D0E3D00C3396D /* ProductCardFilterCell */,
				0BFF39322C5D0DFB00C3396D /* AdSliderFilterCell */,
			);
			path = cells;
			sourceTree = "<group>";
		};
		0BFF39322C5D0DFB00C3396D /* AdSliderFilterCell */ = {
			isa = PBXGroup;
			children = (
				0BFF39412C5D0F4C00C3396D /* AdSliderCollectionViewCell.swift */,
				0BFF39422C5D0F4C00C3396D /* AdSliderCollectionViewCell.xib */,
			);
			path = AdSliderFilterCell;
			sourceTree = "<group>";
		};
		0BFF39342C5D0E3D00C3396D /* ProductCardFilterCell */ = {
			isa = PBXGroup;
			children = (
				0BFF39392C5D0F3400C3396D /* ProductCardCollectionViewCell.swift */,
				0BFF393A2C5D0F3400C3396D /* ProductCardCollectionViewCell.xib */,
				0B67B2B72C6217E20059B7BE /* ProductCardHeaderReusableView.swift */,
				0B67B2B82C6217E20059B7BE /* ProductCardHeaderReusableView.xib */,
			);
			path = ProductCardFilterCell;
			sourceTree = "<group>";
		};
		0BFF39492C5D8E0600C3396D /* Entity */ = {
			isa = PBXGroup;
			children = (
				0BFF394A2C5D8E0900C3396D /* CellModels */,
			);
			path = Entity;
			sourceTree = "<group>";
		};
		0BFF394A2C5D8E0900C3396D /* CellModels */ = {
			isa = PBXGroup;
			children = (
				0BFF39592C5D970600C3396D /* TopCategoryFilterCellModel.swift */,
				0BFF395B2C5D980F00C3396D /* MainMenuModel.swift */,
				0BFF39722C5FED7600C3396D /* ImageSliderCellModel.swift */,
				0BFF39802C60C8FC00C3396D /* ImageManuelSliderCellModel.swift */,
				0B67B2B52C61743C0059B7BE /* ProductCardCellModel.swift */,
			);
			path = CellModels;
			sourceTree = "<group>";
		};
		0BFF394B2C5D8EDD00C3396D /* TopCategoryFilterCell */ = {
			isa = PBXGroup;
			children = (
				0BFF39542C5D920000C3396D /* TopCategoryCollectionViewCell.swift */,
				0BFF39552C5D920000C3396D /* TopCategoryCollectionViewCell.xib */,
			);
			path = TopCategoryFilterCell;
			sourceTree = "<group>";
		};
		0BFF395D2C5D987100C3396D /* Enums */ = {
			isa = PBXGroup;
			children = (
				0BFF395E2C5D987D00C3396D /* MainPageCellType.swift */,
			);
			path = Enums;
			sourceTree = "<group>";
		};
		0BFF39642C5D9BB600C3396D /* managers */ = {
			isa = PBXGroup;
			children = (
				0BFF39652C5D9BEB00C3396D /* CompositionalLayoutManager.swift */,
			);
			path = managers;
			sourceTree = "<group>";
		};
		0BFF396C2C5FE60100C3396D /* ImageSliderCell */ = {
			isa = PBXGroup;
			children = (
				0BFF396D2C5FE64700C3396D /* ImageSliderCollectionViewCell.swift */,
				0BFF396E2C5FE64700C3396D /* ImageSliderCollectionViewCell.xib */,
			);
			path = ImageSliderCell;
			sourceTree = "<group>";
		};
		0BFF39742C60271700C3396D /* navbar-sublabel */ = {
			isa = PBXGroup;
			children = (
				0BFF39752C60280100C3396D /* SubLabelCollectionViewCell.swift */,
				0BFF39762C60280100C3396D /* SubLabelCollectionViewCell.xib */,
			);
			path = "navbar-sublabel";
			sourceTree = "<group>";
		};
		0BFF39822C60C92C00C3396D /* ImageManuelSliderCell */ = {
			isa = PBXGroup;
			children = (
				0BFF39832C60C95000C3396D /* ManuelSliderCollectionViewCell.swift */,
				0BFF39842C60C95000C3396D /* ManuelSliderCollectionViewCell.xib */,
			);
			path = ImageManuelSliderCell;
			sourceTree = "<group>";
		};
		0BFF39892C60E05700C3396D /* view */ = {
			isa = PBXGroup;
			children = (
				0B67B2B12C60F8680059B7BE /* categoryCellCV */,
				0BFF398D2C60E0BD00C3396D /* CategoryPageVC.swift */,
			);
			path = view;
			sourceTree = "<group>";
		};
		0BFF398A2C60E06000C3396D /* interactor */ = {
			isa = PBXGroup;
			children = (
				0B67B2BE2C62AD870059B7BE /* CategoryPageInteractor.swift */,
			);
			path = interactor;
			sourceTree = "<group>";
		};
/* End PBXGroup section */

/* Begin PBXNativeTarget section */
		0B894E432C5B8BD200542E3B /* n11-cloneApp */ = {
			isa = PBXNativeTarget;
			buildConfigurationList = 0B894E6E2C5B8BD200542E3B /* Build configuration list for PBXNativeTarget "n11-cloneApp" */;
			buildPhases = (
				0B894E402C5B8BD200542E3B /* Sources */,
				0B894E412C5B8BD200542E3B /* Frameworks */,
				0B894E422C5B8BD200542E3B /* Resources */,
			);
			buildRules = (
			);
			dependencies = (
			);
			name = "n11-cloneApp";
			productName = "n11-cloneApp";
			productReference = 0B894E442C5B8BD200542E3B /* n11-cloneApp.app */;
			productType = "com.apple.product-type.application";
		};
		0B894E592C5B8BD200542E3B /* n11-cloneAppTests */ = {
			isa = PBXNativeTarget;
			buildConfigurationList = 0B894E712C5B8BD200542E3B /* Build configuration list for PBXNativeTarget "n11-cloneAppTests" */;
			buildPhases = (
				0B894E562C5B8BD200542E3B /* Sources */,
				0B894E572C5B8BD200542E3B /* Frameworks */,
				0B894E582C5B8BD200542E3B /* Resources */,
			);
			buildRules = (
			);
			dependencies = (
				0B894E5C2C5B8BD200542E3B /* PBXTargetDependency */,
			);
			name = "n11-cloneAppTests";
			productName = "n11-cloneAppTests";
			productReference = 0B894E5A2C5B8BD200542E3B /* n11-cloneAppTests.xctest */;
			productType = "com.apple.product-type.bundle.unit-test";
		};
		0B894E632C5B8BD200542E3B /* n11-cloneAppUITests */ = {
			isa = PBXNativeTarget;
			buildConfigurationList = 0B894E742C5B8BD200542E3B /* Build configuration list for PBXNativeTarget "n11-cloneAppUITests" */;
			buildPhases = (
				0B894E602C5B8BD200542E3B /* Sources */,
				0B894E612C5B8BD200542E3B /* Frameworks */,
				0B894E622C5B8BD200542E3B /* Resources */,
			);
			buildRules = (
			);
			dependencies = (
				0B894E662C5B8BD200542E3B /* PBXTargetDependency */,
			);
			name = "n11-cloneAppUITests";
			productName = "n11-cloneAppUITests";
			productReference = 0B894E642C5B8BD200542E3B /* n11-cloneAppUITests.xctest */;
			productType = "com.apple.product-type.bundle.ui-testing";
		};
/* End PBXNativeTarget section */

/* Begin PBXProject section */
		0B894E3C2C5B8BD200542E3B /* Project object */ = {
			isa = PBXProject;
			attributes = {
				BuildIndependentTargetsInParallel = 1;
				LastSwiftUpdateCheck = 1540;
				LastUpgradeCheck = 1540;
				TargetAttributes = {
					0B894E432C5B8BD200542E3B = {
						CreatedOnToolsVersion = 15.4;
					};
					0B894E592C5B8BD200542E3B = {
						CreatedOnToolsVersion = 15.4;
						TestTargetID = 0B894E432C5B8BD200542E3B;
					};
					0B894E632C5B8BD200542E3B = {
						CreatedOnToolsVersion = 15.4;
						TestTargetID = 0B894E432C5B8BD200542E3B;
					};
				};
			};
			buildConfigurationList = 0B894E3F2C5B8BD200542E3B /* Build configuration list for PBXProject "n11-cloneApp" */;
			compatibilityVersion = "Xcode 14.0";
			developmentRegion = en;
			hasScannedForEncodings = 0;
			knownRegions = (
				en,
				Base,
			);
			mainGroup = 0B894E3B2C5B8BD200542E3B;
			productRefGroup = 0B894E452C5B8BD200542E3B /* Products */;
			projectDirPath = "";
			projectRoot = "";
			targets = (
				0B894E432C5B8BD200542E3B /* n11-cloneApp */,
				0B894E592C5B8BD200542E3B /* n11-cloneAppTests */,
				0B894E632C5B8BD200542E3B /* n11-cloneAppUITests */,
			);
		};
/* End PBXProject section */

/* Begin PBXResourcesBuildPhase section */
		0B894E422C5B8BD200542E3B /* Resources */ = {
			isa = PBXResourcesBuildPhase;
			buildActionMask = 2147483647;
			files = (
				0BFF399B2C60E66E00C3396D /* CategoryCollectionView.xib in Resources */,
				0BFF39782C60280100C3396D /* SubLabelCollectionViewCell.xib in Resources */,
				0BC8237D2C5BC3E500601CFC /* CustomNavigationBar.xib in Resources */,
				0B894E512C5B8BD200542E3B /* Assets.xcassets in Resources */,
				0BFF39862C60C95000C3396D /* ManuelSliderCollectionViewCell.xib in Resources */,
				0BFF39572C5D920000C3396D /* TopCategoryCollectionViewCell.xib in Resources */,
				0B67B2AF2C60E8360059B7BE /* CategoryCollectionViewCell.xib in Resources */,
				0B894E542C5B8BD200542E3B /* Base in Resources */,
				0B894E4F2C5B8BD200542E3B /* Base in Resources */,
				0B67B2B92C6217E20059B7BE /* ProductCardHeaderReusableView.xib in Resources */,
				0BFF393C2C5D0F3400C3396D /* ProductCardCollectionViewCell.xib in Resources */,
				0BFF39442C5D0F4C00C3396D /* AdSliderCollectionViewCell.xib in Resources */,
				0BFF39702C5FE64700C3396D /* ImageSliderCollectionViewCell.xib in Resources */,
			);
			runOnlyForDeploymentPostprocessing = 0;
		};
		0B894E582C5B8BD200542E3B /* Resources */ = {
			isa = PBXResourcesBuildPhase;
			buildActionMask = 2147483647;
			files = (
			);
			runOnlyForDeploymentPostprocessing = 0;
		};
		0B894E622C5B8BD200542E3B /* Resources */ = {
			isa = PBXResourcesBuildPhase;
			buildActionMask = 2147483647;
			files = (
			);
			runOnlyForDeploymentPostprocessing = 0;
		};
/* End PBXResourcesBuildPhase section */

/* Begin PBXSourcesBuildPhase section */
		0B894E402C5B8BD200542E3B /* Sources */ = {
			isa = PBXSourcesBuildPhase;
			buildActionMask = 2147483647;
			files = (
				0BFF397F2C6031DA00C3396D /* MainMenuPresenter.swift in Sources */,
				0BFF39562C5D920000C3396D /* TopCategoryCollectionViewCell.swift in Sources */,
				0B67B2B42C6104B10059B7BE /* CompositionalLayoutManagerCV.swift in Sources */,
				0B67B2BF2C62AD870059B7BE /* CategoryPageInteractor.swift in Sources */,
				0BFF396F2C5FE64700C3396D /* ImageSliderCollectionViewCell.swift in Sources */,
				0B67B2BA2C6217E20059B7BE /* ProductCardHeaderReusableView.swift in Sources */,
				0BC8237F2C5BC40800601CFC /* CustomNavigationBar.swift in Sources */,
				0BFF39612C5D997900C3396D /* UICollectionView+Register.swift in Sources */,
				0BFF39772C60280100C3396D /* SubLabelCollectionViewCell.swift in Sources */,
				0B67B2B02C60E8360059B7BE /* CategoryCollectionViewCell.swift in Sources */,
				0BFF39812C60C8FC00C3396D /* ImageManuelSliderCellModel.swift in Sources */,
				0B67B2B62C61743C0059B7BE /* ProductCardCellModel.swift in Sources */,
				0B894E482C5B8BD200542E3B /* AppDelegate.swift in Sources */,
				0BFF39662C5D9BEB00C3396D /* CompositionalLayoutManager.swift in Sources */,
				0B67B2C42C62B1CA0059B7BE /* BasketViewController.swift in Sources */,
				0BFF39852C60C95000C3396D /* ManuelSliderCollectionViewCell.swift in Sources */,
				0B67B2C22C62AF5F0059B7BE /* CategoryPageRouter.swift in Sources */,
				0BFF395A2C5D970600C3396D /* TopCategoryFilterCellModel.swift in Sources */,
				0BFF398E2C60E0BD00C3396D /* CategoryPageVC.swift in Sources */,
				0B67B2BD2C62AD800059B7BE /* CategoryPagePresenter.swift in Sources */,
				0BFF39992C60E65900C3396D /* CategoryCollectionView.swift in Sources */,
				0BFF395C2C5D980F00C3396D /* MainMenuModel.swift in Sources */,
				0BFF39632C5D9AB100C3396D /* MainMenuInteractor.swift in Sources */,
				0BFF395F2C5D987D00C3396D /* MainPageCellType.swift in Sources */,
				0B894E4A2C5B8BD200542E3B /* SceneDelegate.swift in Sources */,
				0BC823822C5BC50A00601CFC /* UIColor+Hex.swift in Sources */,
				0BFF39432C5D0F4C00C3396D /* AdSliderCollectionViewCell.swift in Sources */,
				0B67B2C72C62B51D0059B7BE /* MainPageViewModel.swift in Sources */,
				0BFF39882C60DEB700C3396D /* MainPageViewController.swift in Sources */,
				0BFF393B2C5D0F3400C3396D /* ProductCardCollectionViewCell.swift in Sources */,
				0BFF39732C5FED7600C3396D /* ImageSliderCellModel.swift in Sources */,
				0B05393A2C5C23D600110B4C /* GuestAccountVC.swift in Sources */,
				0BFF397D2C60315900C3396D /* MainPageInteractorOutput.swift in Sources */,
			);
			runOnlyForDeploymentPostprocessing = 0;
		};
		0B894E562C5B8BD200542E3B /* Sources */ = {
			isa = PBXSourcesBuildPhase;
			buildActionMask = 2147483647;
			files = (
				0B894E5F2C5B8BD200542E3B /* n11_cloneAppTests.swift in Sources */,
			);
			runOnlyForDeploymentPostprocessing = 0;
		};
		0B894E602C5B8BD200542E3B /* Sources */ = {
			isa = PBXSourcesBuildPhase;
			buildActionMask = 2147483647;
			files = (
				0B894E692C5B8BD200542E3B /* n11_cloneAppUITests.swift in Sources */,
				0B894E6B2C5B8BD200542E3B /* n11_cloneAppUITestsLaunchTests.swift in Sources */,
			);
			runOnlyForDeploymentPostprocessing = 0;
		};
/* End PBXSourcesBuildPhase section */

/* Begin PBXTargetDependency section */
		0B894E5C2C5B8BD200542E3B /* PBXTargetDependency */ = {
			isa = PBXTargetDependency;
			target = 0B894E432C5B8BD200542E3B /* n11-cloneApp */;
			targetProxy = 0B894E5B2C5B8BD200542E3B /* PBXContainerItemProxy */;
		};
		0B894E662C5B8BD200542E3B /* PBXTargetDependency */ = {
			isa = PBXTargetDependency;
			target = 0B894E432C5B8BD200542E3B /* n11-cloneApp */;
			targetProxy = 0B894E652C5B8BD200542E3B /* PBXContainerItemProxy */;
		};
/* End PBXTargetDependency section */

/* Begin PBXVariantGroup section */
		0B894E4D2C5B8BD200542E3B /* Main.storyboard */ = {
			isa = PBXVariantGroup;
			children = (
				0B894E4E2C5B8BD200542E3B /* Base */,
			);
			name = Main.storyboard;
			sourceTree = "<group>";
		};
		0B894E522C5B8BD200542E3B /* LaunchScreen.storyboard */ = {
			isa = PBXVariantGroup;
			children = (
				0B894E532C5B8BD200542E3B /* Base */,
			);
			name = LaunchScreen.storyboard;
			sourceTree = "<group>";
		};
/* End PBXVariantGroup section */

/* Begin XCBuildConfiguration section */
		0B894E6C2C5B8BD200542E3B /* Debug */ = {
			isa = XCBuildConfiguration;
			buildSettings = {
				ALWAYS_SEARCH_USER_PATHS = NO;
				ASSETCATALOG_COMPILER_GENERATE_SWIFT_ASSET_SYMBOL_EXTENSIONS = YES;
				CLANG_ANALYZER_NONNULL = YES;
				CLANG_ANALYZER_NUMBER_OBJECT_CONVERSION = YES_AGGRESSIVE;
				CLANG_CXX_LANGUAGE_STANDARD = "gnu++20";
				CLANG_ENABLE_MODULES = YES;
				CLANG_ENABLE_OBJC_ARC = YES;
				CLANG_ENABLE_OBJC_WEAK = YES;
				CLANG_WARN_BLOCK_CAPTURE_AUTORELEASING = YES;
				CLANG_WARN_BOOL_CONVERSION = YES;
				CLANG_WARN_COMMA = YES;
				CLANG_WARN_CONSTANT_CONVERSION = YES;
				CLANG_WARN_DEPRECATED_OBJC_IMPLEMENTATIONS = YES;
				CLANG_WARN_DIRECT_OBJC_ISA_USAGE = YES_ERROR;
				CLANG_WARN_DOCUMENTATION_COMMENTS = YES;
				CLANG_WARN_EMPTY_BODY = YES;
				CLANG_WARN_ENUM_CONVERSION = YES;
				CLANG_WARN_INFINITE_RECURSION = YES;
				CLANG_WARN_INT_CONVERSION = YES;
				CLANG_WARN_NON_LITERAL_NULL_CONVERSION = YES;
				CLANG_WARN_OBJC_IMPLICIT_RETAIN_SELF = YES;
				CLANG_WARN_OBJC_LITERAL_CONVERSION = YES;
				CLANG_WARN_OBJC_ROOT_CLASS = YES_ERROR;
				CLANG_WARN_QUOTED_INCLUDE_IN_FRAMEWORK_HEADER = YES;
				CLANG_WARN_RANGE_LOOP_ANALYSIS = YES;
				CLANG_WARN_STRICT_PROTOTYPES = YES;
				CLANG_WARN_SUSPICIOUS_MOVE = YES;
				CLANG_WARN_UNGUARDED_AVAILABILITY = YES_AGGRESSIVE;
				CLANG_WARN_UNREACHABLE_CODE = YES;
				CLANG_WARN__DUPLICATE_METHOD_MATCH = YES;
				COPY_PHASE_STRIP = NO;
				DEBUG_INFORMATION_FORMAT = dwarf;
				ENABLE_STRICT_OBJC_MSGSEND = YES;
				ENABLE_TESTABILITY = YES;
				ENABLE_USER_SCRIPT_SANDBOXING = YES;
				GCC_C_LANGUAGE_STANDARD = gnu17;
				GCC_DYNAMIC_NO_PIC = NO;
				GCC_NO_COMMON_BLOCKS = YES;
				GCC_OPTIMIZATION_LEVEL = 0;
				GCC_PREPROCESSOR_DEFINITIONS = (
					"DEBUG=1",
					"$(inherited)",
				);
				GCC_WARN_64_TO_32_BIT_CONVERSION = YES;
				GCC_WARN_ABOUT_RETURN_TYPE = YES_ERROR;
				GCC_WARN_UNDECLARED_SELECTOR = YES;
				GCC_WARN_UNINITIALIZED_AUTOS = YES_AGGRESSIVE;
				GCC_WARN_UNUSED_FUNCTION = YES;
				GCC_WARN_UNUSED_VARIABLE = YES;
				IPHONEOS_DEPLOYMENT_TARGET = 17.5;
				LOCALIZATION_PREFERS_STRING_CATALOGS = YES;
				MTL_ENABLE_DEBUG_INFO = INCLUDE_SOURCE;
				MTL_FAST_MATH = YES;
				ONLY_ACTIVE_ARCH = YES;
				SDKROOT = iphoneos;
				SWIFT_ACTIVE_COMPILATION_CONDITIONS = "DEBUG $(inherited)";
				SWIFT_OPTIMIZATION_LEVEL = "-Onone";
			};
			name = Debug;
		};
		0B894E6D2C5B8BD200542E3B /* Release */ = {
			isa = XCBuildConfiguration;
			buildSettings = {
				ALWAYS_SEARCH_USER_PATHS = NO;
				ASSETCATALOG_COMPILER_GENERATE_SWIFT_ASSET_SYMBOL_EXTENSIONS = YES;
				CLANG_ANALYZER_NONNULL = YES;
				CLANG_ANALYZER_NUMBER_OBJECT_CONVERSION = YES_AGGRESSIVE;
				CLANG_CXX_LANGUAGE_STANDARD = "gnu++20";
				CLANG_ENABLE_MODULES = YES;
				CLANG_ENABLE_OBJC_ARC = YES;
				CLANG_ENABLE_OBJC_WEAK = YES;
				CLANG_WARN_BLOCK_CAPTURE_AUTORELEASING = YES;
				CLANG_WARN_BOOL_CONVERSION = YES;
				CLANG_WARN_COMMA = YES;
				CLANG_WARN_CONSTANT_CONVERSION = YES;
				CLANG_WARN_DEPRECATED_OBJC_IMPLEMENTATIONS = YES;
				CLANG_WARN_DIRECT_OBJC_ISA_USAGE = YES_ERROR;
				CLANG_WARN_DOCUMENTATION_COMMENTS = YES;
				CLANG_WARN_EMPTY_BODY = YES;
				CLANG_WARN_ENUM_CONVERSION = YES;
				CLANG_WARN_INFINITE_RECURSION = YES;
				CLANG_WARN_INT_CONVERSION = YES;
				CLANG_WARN_NON_LITERAL_NULL_CONVERSION = YES;
				CLANG_WARN_OBJC_IMPLICIT_RETAIN_SELF = YES;
				CLANG_WARN_OBJC_LITERAL_CONVERSION = YES;
				CLANG_WARN_OBJC_ROOT_CLASS = YES_ERROR;
				CLANG_WARN_QUOTED_INCLUDE_IN_FRAMEWORK_HEADER = YES;
				CLANG_WARN_RANGE_LOOP_ANALYSIS = YES;
				CLANG_WARN_STRICT_PROTOTYPES = YES;
				CLANG_WARN_SUSPICIOUS_MOVE = YES;
				CLANG_WARN_UNGUARDED_AVAILABILITY = YES_AGGRESSIVE;
				CLANG_WARN_UNREACHABLE_CODE = YES;
				CLANG_WARN__DUPLICATE_METHOD_MATCH = YES;
				COPY_PHASE_STRIP = NO;
				DEBUG_INFORMATION_FORMAT = "dwarf-with-dsym";
				ENABLE_NS_ASSERTIONS = NO;
				ENABLE_STRICT_OBJC_MSGSEND = YES;
				ENABLE_USER_SCRIPT_SANDBOXING = YES;
				GCC_C_LANGUAGE_STANDARD = gnu17;
				GCC_NO_COMMON_BLOCKS = YES;
				GCC_WARN_64_TO_32_BIT_CONVERSION = YES;
				GCC_WARN_ABOUT_RETURN_TYPE = YES_ERROR;
				GCC_WARN_UNDECLARED_SELECTOR = YES;
				GCC_WARN_UNINITIALIZED_AUTOS = YES_AGGRESSIVE;
				GCC_WARN_UNUSED_FUNCTION = YES;
				GCC_WARN_UNUSED_VARIABLE = YES;
				IPHONEOS_DEPLOYMENT_TARGET = 17.5;
				LOCALIZATION_PREFERS_STRING_CATALOGS = YES;
				MTL_ENABLE_DEBUG_INFO = NO;
				MTL_FAST_MATH = YES;
				SDKROOT = iphoneos;
				SWIFT_COMPILATION_MODE = wholemodule;
				VALIDATE_PRODUCT = YES;
			};
			name = Release;
		};
		0B894E6F2C5B8BD200542E3B /* Debug */ = {
			isa = XCBuildConfiguration;
			buildSettings = {
				ASSETCATALOG_COMPILER_APPICON_NAME = AppIcon;
				ASSETCATALOG_COMPILER_GLOBAL_ACCENT_COLOR_NAME = AccentColor;
				CODE_SIGN_STYLE = Automatic;
				CURRENT_PROJECT_VERSION = 1;
				DEVELOPMENT_TEAM = HHKGLC3FML;
				GENERATE_INFOPLIST_FILE = YES;
				INFOPLIST_FILE = "n11-cloneApp/Info.plist";
				INFOPLIST_KEY_UIApplicationSupportsIndirectInputEvents = YES;
				INFOPLIST_KEY_UILaunchStoryboardName = LaunchScreen;
				INFOPLIST_KEY_UIMainStoryboardFile = Main;
				INFOPLIST_KEY_UISupportedInterfaceOrientations_iPad = "UIInterfaceOrientationPortrait UIInterfaceOrientationPortraitUpsideDown UIInterfaceOrientationLandscapeLeft UIInterfaceOrientationLandscapeRight";
				INFOPLIST_KEY_UISupportedInterfaceOrientations_iPhone = "UIInterfaceOrientationPortrait UIInterfaceOrientationLandscapeLeft UIInterfaceOrientationLandscapeRight";
				LD_RUNPATH_SEARCH_PATHS = (
					"$(inherited)",
					"@executable_path/Frameworks",
				);
				MARKETING_VERSION = 1.0;
				PRODUCT_BUNDLE_IDENTIFIER = "bunyamin.n11-cloneApp";
				PRODUCT_NAME = "$(TARGET_NAME)";
				SWIFT_EMIT_LOC_STRINGS = YES;
				SWIFT_VERSION = 5.0;
				TARGETED_DEVICE_FAMILY = "1,2";
			};
			name = Debug;
		};
		0B894E702C5B8BD200542E3B /* Release */ = {
			isa = XCBuildConfiguration;
			buildSettings = {
				ASSETCATALOG_COMPILER_APPICON_NAME = AppIcon;
				ASSETCATALOG_COMPILER_GLOBAL_ACCENT_COLOR_NAME = AccentColor;
				CODE_SIGN_STYLE = Automatic;
				CURRENT_PROJECT_VERSION = 1;
				DEVELOPMENT_TEAM = HHKGLC3FML;
				GENERATE_INFOPLIST_FILE = YES;
				INFOPLIST_FILE = "n11-cloneApp/Info.plist";
				INFOPLIST_KEY_UIApplicationSupportsIndirectInputEvents = YES;
				INFOPLIST_KEY_UILaunchStoryboardName = LaunchScreen;
				INFOPLIST_KEY_UIMainStoryboardFile = Main;
				INFOPLIST_KEY_UISupportedInterfaceOrientations_iPad = "UIInterfaceOrientationPortrait UIInterfaceOrientationPortraitUpsideDown UIInterfaceOrientationLandscapeLeft UIInterfaceOrientationLandscapeRight";
				INFOPLIST_KEY_UISupportedInterfaceOrientations_iPhone = "UIInterfaceOrientationPortrait UIInterfaceOrientationLandscapeLeft UIInterfaceOrientationLandscapeRight";
				LD_RUNPATH_SEARCH_PATHS = (
					"$(inherited)",
					"@executable_path/Frameworks",
				);
				MARKETING_VERSION = 1.0;
				PRODUCT_BUNDLE_IDENTIFIER = "bunyamin.n11-cloneApp";
				PRODUCT_NAME = "$(TARGET_NAME)";
				SWIFT_EMIT_LOC_STRINGS = YES;
				SWIFT_VERSION = 5.0;
				TARGETED_DEVICE_FAMILY = "1,2";
			};
			name = Release;
		};
		0B894E722C5B8BD200542E3B /* Debug */ = {
			isa = XCBuildConfiguration;
			buildSettings = {
				ALWAYS_EMBED_SWIFT_STANDARD_LIBRARIES = YES;
				BUNDLE_LOADER = "$(TEST_HOST)";
				CODE_SIGN_STYLE = Automatic;
				CURRENT_PROJECT_VERSION = 1;
				DEVELOPMENT_TEAM = HHKGLC3FML;
				GENERATE_INFOPLIST_FILE = YES;
				IPHONEOS_DEPLOYMENT_TARGET = 17.5;
				MARKETING_VERSION = 1.0;
				PRODUCT_BUNDLE_IDENTIFIER = "bunyamin.n11-cloneAppTests";
				PRODUCT_NAME = "$(TARGET_NAME)";
				SWIFT_EMIT_LOC_STRINGS = NO;
				SWIFT_VERSION = 5.0;
				TARGETED_DEVICE_FAMILY = "1,2";
				TEST_HOST = "$(BUILT_PRODUCTS_DIR)/n11-cloneApp.app/$(BUNDLE_EXECUTABLE_FOLDER_PATH)/n11-cloneApp";
			};
			name = Debug;
		};
		0B894E732C5B8BD200542E3B /* Release */ = {
			isa = XCBuildConfiguration;
			buildSettings = {
				ALWAYS_EMBED_SWIFT_STANDARD_LIBRARIES = YES;
				BUNDLE_LOADER = "$(TEST_HOST)";
				CODE_SIGN_STYLE = Automatic;
				CURRENT_PROJECT_VERSION = 1;
				DEVELOPMENT_TEAM = HHKGLC3FML;
				GENERATE_INFOPLIST_FILE = YES;
				IPHONEOS_DEPLOYMENT_TARGET = 17.5;
				MARKETING_VERSION = 1.0;
				PRODUCT_BUNDLE_IDENTIFIER = "bunyamin.n11-cloneAppTests";
				PRODUCT_NAME = "$(TARGET_NAME)";
				SWIFT_EMIT_LOC_STRINGS = NO;
				SWIFT_VERSION = 5.0;
				TARGETED_DEVICE_FAMILY = "1,2";
				TEST_HOST = "$(BUILT_PRODUCTS_DIR)/n11-cloneApp.app/$(BUNDLE_EXECUTABLE_FOLDER_PATH)/n11-cloneApp";
			};
			name = Release;
		};
		0B894E752C5B8BD200542E3B /* Debug */ = {
			isa = XCBuildConfiguration;
			buildSettings = {
				ALWAYS_EMBED_SWIFT_STANDARD_LIBRARIES = YES;
				CODE_SIGN_STYLE = Automatic;
				CURRENT_PROJECT_VERSION = 1;
				DEVELOPMENT_TEAM = HHKGLC3FML;
				GENERATE_INFOPLIST_FILE = YES;
				MARKETING_VERSION = 1.0;
				PRODUCT_BUNDLE_IDENTIFIER = "bunyamin.n11-cloneAppUITests";
				PRODUCT_NAME = "$(TARGET_NAME)";
				SWIFT_EMIT_LOC_STRINGS = NO;
				SWIFT_VERSION = 5.0;
				TARGETED_DEVICE_FAMILY = "1,2";
				TEST_TARGET_NAME = "n11-cloneApp";
			};
			name = Debug;
		};
		0B894E762C5B8BD200542E3B /* Release */ = {
			isa = XCBuildConfiguration;
			buildSettings = {
				ALWAYS_EMBED_SWIFT_STANDARD_LIBRARIES = YES;
				CODE_SIGN_STYLE = Automatic;
				CURRENT_PROJECT_VERSION = 1;
				DEVELOPMENT_TEAM = HHKGLC3FML;
				GENERATE_INFOPLIST_FILE = YES;
				MARKETING_VERSION = 1.0;
				PRODUCT_BUNDLE_IDENTIFIER = "bunyamin.n11-cloneAppUITests";
				PRODUCT_NAME = "$(TARGET_NAME)";
				SWIFT_EMIT_LOC_STRINGS = NO;
				SWIFT_VERSION = 5.0;
				TARGETED_DEVICE_FAMILY = "1,2";
				TEST_TARGET_NAME = "n11-cloneApp";
			};
			name = Release;
		};
/* End XCBuildConfiguration section */

/* Begin XCConfigurationList section */
		0B894E3F2C5B8BD200542E3B /* Build configuration list for PBXProject "n11-cloneApp" */ = {
			isa = XCConfigurationList;
			buildConfigurations = (
				0B894E6C2C5B8BD200542E3B /* Debug */,
				0B894E6D2C5B8BD200542E3B /* Release */,
			);
			defaultConfigurationIsVisible = 0;
			defaultConfigurationName = Release;
		};
		0B894E6E2C5B8BD200542E3B /* Build configuration list for PBXNativeTarget "n11-cloneApp" */ = {
			isa = XCConfigurationList;
			buildConfigurations = (
				0B894E6F2C5B8BD200542E3B /* Debug */,
				0B894E702C5B8BD200542E3B /* Release */,
			);
			defaultConfigurationIsVisible = 0;
			defaultConfigurationName = Release;
		};
		0B894E712C5B8BD200542E3B /* Build configuration list for PBXNativeTarget "n11-cloneAppTests" */ = {
			isa = XCConfigurationList;
			buildConfigurations = (
				0B894E722C5B8BD200542E3B /* Debug */,
				0B894E732C5B8BD200542E3B /* Release */,
			);
			defaultConfigurationIsVisible = 0;
			defaultConfigurationName = Release;
		};
		0B894E742C5B8BD200542E3B /* Build configuration list for PBXNativeTarget "n11-cloneAppUITests" */ = {
			isa = XCConfigurationList;
			buildConfigurations = (
				0B894E752C5B8BD200542E3B /* Debug */,
				0B894E762C5B8BD200542E3B /* Release */,
			);
			defaultConfigurationIsVisible = 0;
			defaultConfigurationName = Release;
		};
/* End XCConfigurationList section */
	};
	rootObject = 0B894E3C2C5B8BD200542E3B /* Project object */;
}
